
Microsoft Visual Studio Solution File, Format Version 12.00
# Visual Studio Version 17
VisualStudioVersion = 17.10.34916.146
MinimumVisualStudioVersion = 10.0.40219.1
Project("{9A19103F-16F7-4668-BE54-9A1E7A4F7556}") = "CertificateAPI", "CertificateAPI\CertificateAPI.csproj", "{AD6BA709-CD60-44B7-955A-ED1CDF2DA8DE}"
EndProject
Project("{9A19103F-16F7-4668-BE54-9A1E7A4F7556}") = "Infrastructure", "Infrastructure\Infrastructure.csproj", "{FC12A805-6EAC-4205-B84D-49A68A14A972}"
EndProject
Project("{9A19103F-16F7-4668-BE54-9A1E7A4F7556}") = "Application", "Application\Application.csproj", "{CDD2C2A8-36A7-428A-B732-5189EE35A2C1}"
EndProject
Project("{9A19103F-16F7-4668-BE54-9A1E7A4F7556}") = "Contracts", "Contracts\Contracts.csproj", "{3D04CE7F-8DF0-4B3B-9650-CC6E8D072E16}"
EndProject
Project("{FAE04EC0-301F-11D3-BF4B-00C04F79EFBC}") = "Domain", "Domain\Domain.csproj", "{D4EFAF42-6BC3-4858-9689-DB4461912F6D}"
EndProject
Global
	GlobalSection(SolutionConfigurationPlatforms) = preSolution
		Debug|Any CPU = Debug|Any CPU
		Release|Any CPU = Release|Any CPU
	EndGlobalSection
	GlobalSection(ProjectConfigurationPlatforms) = postSolution
		{AD6BA709-CD60-44B7-955A-ED1CDF2DA8DE}.Debug|Any CPU.ActiveCfg = Debug|Any CPU
		{AD6BA709-CD60-44B7-955A-ED1CDF2DA8DE}.Debug|Any CPU.Build.0 = Debug|Any CPU
		{AD6BA709-CD60-44B7-955A-ED1CDF2DA8DE}.Release|Any CPU.ActiveCfg = Release|Any CPU
		{AD6BA709-CD60-44B7-955A-ED1CDF2DA8DE}.Release|Any CPU.Build.0 = Release|Any CPU
		{FC12A805-6EAC-4205-B84D-49A68A14A972}.Debug|Any CPU.ActiveCfg = Debug|Any CPU
		{FC12A805-6EAC-4205-B84D-49A68A14A972}.Debug|Any CPU.Build.0 = Debug|Any CPU
		{FC12A805-6EAC-4205-B84D-49A68A14A972}.Release|Any CPU.ActiveCfg = Release|Any CPU
		{FC12A805-6EAC-4205-B84D-49A68A14A972}.Release|Any CPU.Build.0 = Release|Any CPU
		{CDD2C2A8-36A7-428A-B732-5189EE35A2C1}.Debug|Any CPU.ActiveCfg = Debug|Any CPU
		{CDD2C2A8-36A7-428A-B732-5189EE35A2C1}.Debug|Any CPU.Build.0 = Debug|Any CPU
		{CDD2C2A8-36A7-428A-B732-5189EE35A2C1}.Release|Any CPU.ActiveCfg = Release|Any CPU
		{CDD2C2A8-36A7-428A-B732-5189EE35A2C1}.Release|Any CPU.Build.0 = Release|Any CPU
		{3D04CE7F-8DF0-4B3B-9650-CC6E8D072E16}.Debug|Any CPU.ActiveCfg = Debug|Any CPU
		{3D04CE7F-8DF0-4B3B-9650-CC6E8D072E16}.Debug|Any CPU.Build.0 = Debug|Any CPU
		{3D04CE7F-8DF0-4B3B-9650-CC6E8D072E16}.Release|Any CPU.ActiveCfg = Release|Any CPU
		{3D04CE7F-8DF0-4B3B-9650-CC6E8D072E16}.Release|Any CPU.Build.0 = Release|Any CPU
		{D4EFAF42-6BC3-4858-9689-DB4461912F6D}.Debug|Any CPU.ActiveCfg = Debug|Any CPU
		{D4EFAF42-6BC3-4858-9689-DB4461912F6D}.Debug|Any CPU.Build.0 = Debug|Any CPU
		{D4EFAF42-6BC3-4858-9689-DB4461912F6D}.Release|Any CPU.ActiveCfg = Release|Any CPU
		{D4EFAF42-6BC3-4858-9689-DB4461912F6D}.Release|Any CPU.Build.0 = Release|Any CPU
	EndGlobalSection
	GlobalSection(SolutionProperties) = preSolution
		HideSolutionNode = FALSE
	EndGlobalSection
	GlobalSection(ExtensibilityGlobals) = postSolution
		SolutionGuid = {C65D7254-744E-4333-9AE4-137CD0B31EF1}
	EndGlobalSection
EndGlobal
